
Microsoft Visual Studio Solution File, Format Version 12.00
# Visual Studio 15
VisualStudioVersion = 15.0.27428.2002
MinimumVisualStudioVersion = 10.0.40219.1
Project("{FAE04EC0-301F-11D3-BF4B-00C04F79EFBC}") = "Elicit", "Elicit\Elicit.csproj", "{5D426853-6F94-4419-BF36-5D3273FE7F9E}"
EndProject
Global
	GlobalSection(SolutionConfigurationPlatforms) = preSolution
		Debug|Any CPU = Debug|Any CPU
		Release|Any CPU = Release|Any CPU
	EndGlobalSection
	GlobalSection(ProjectConfigurationPlatforms) = postSolution
		{5D426853-6F94-4419-BF36-5D3273FE7F9E}.Debug|Any CPU.ActiveCfg = Debug|Any CPU
		{5D426853-6F94-4419-BF36-5D3273FE7F9E}.Debug|Any CPU.Build.0 = Debug|Any CPU
		{5D426853-6F94-4419-BF36-5D3273FE7F9E}.Release|Any CPU.ActiveCfg = Release|Any CPU
		{5D426853-6F94-4419-BF36-5D3273FE7F9E}.Release|Any CPU.Build.0 = Release|Any CPU
	EndGlobalSection
	GlobalSection(SolutionProperties) = preSolution
		HideSolutionNode = FALSE
	EndGlobalSection
	GlobalSection(ExtensibilityGlobals) = postSolution
		SolutionGuid = {B260F547-1D17-477A-B993-C3E2707C3CD2}
	EndGlobalSection
EndGlobal
